{"python_lockfile":"# py: 3.11\njmespath==1.0.1","git_repos":{},"collections_and_roles":"---\ncollections:\n  - name: community.general\n  - name: community.vmware\nroles: ~","collections_and_roles_logs":"\n\nError getting ansible role versions: [WARNING]: - the configured path /tmp/windmill/wk-default-ares-\nEblCT/019abff2-47ee-571c-9186-b8e449cbbd96/roles does not exist.\nERROR! - None of the provided paths were usable. Please specify a valid path with --roles-path\n\nWARNING: collections dependency `community.general` has no locked version, using the latest or system installed version.\nWARNING: collections dependency `community.vmware` has no locked version, using the latest or system installed version.\nWARNING: You might want to try adding manual versions for these, otherwise there could be breaking changes on deployed scripts\n\n"}