{
  "dependencies": {
    "windmill-client": "latest"
  }
}
//bun.lock
{
  "lockfileVersion": 1,
  "workspaces": {
    "": {
      "dependencies": {
        "windmill-client": "latest",
      },
    },
  },
  "packages": {
    "windmill-client": ["windmill-client@1.544.0", "", {}, "sha512-/QEpzVu9UvDrUKtdLTRyF8B+vx3WM9ZHupoHWg5EJRm7TPuv0Cfl8SI9CkqT7dUqSpOQIcnC1czR8VIgWAaA5w=="],
  }
}
