{
  "dependencies": {
    "number-to-words": "1"
  }
}
//bun.lock
{
  "lockfileVersion": 1,
  "configVersion": 1,
  "workspaces": {
    "": {
      "dependencies": {
        "number-to-words": "1",
      },
    },
  },
  "packages": {
    "number-to-words": ["number-to-words@1.2.4", "", {}, "sha512-/fYevVkXRcyBiZDg6yzZbm0RuaD6i0qRfn8yr+6D0KgBMOndFPxuW10qCHpzs50nN8qKuv78k8MuotZhcVX6Pw=="],
  }
}
