version: v2
locks:
  f/shared/byer_script: 893c706d1728419a0d19b0adfddce74990dbbc8204f9e7173262b3a5b1912b3f
  f/shared/nicer_flow.flow+5b359b568eada96e9c7bc6794bbae05f8db3264adabdbca4aab0a85638d77537: 5b359b568eada96e9c7bc6794bbae05f8db3264adabdbca4aab0a85638d77537
  f/shared/nicer_flow.flow+5f46c880114c4dca40d639cfac871f000dc1e307093558a98ef72c5ed9a6d86b: 5f46c880114c4dca40d639cfac871f000dc1e307093558a98ef72c5ed9a6d86b
  f/shared/nicer_flow.flow+d8fe4baf002732b0d9f8e0a8ff66dff348697aa63bf851ffa68b8d8e21f63746: d8fe4baf002732b0d9f8e0a8ff66dff348697aa63bf851ffa68b8d8e21f63746
  f/shared/nicer_flow.flow+e8929d79c39eb87af226567e33c05db6b6d83862ca8a983d671b0b5553b1255e: e8929d79c39eb87af226567e33c05db6b6d83862ca8a983d671b0b5553b1255e
  u/admin/engrossing_script+e6d8e91aa7007f2b2d530f08848b3615f0e67a62e3dcf801e9e346fb9c84580e: e6d8e91aa7007f2b2d530f08848b3615f0e67a62e3dcf801e9e346fb9c84580e
  u/admin/envious_script+df850e17d1b3cfbfd8d375ffa8107450936241d560572aa2947e05e2e60f1b3a: df850e17d1b3cfbfd8d375ffa8107450936241d560572aa2947e05e2e60f1b3a
  u/admin/first_in_class_script+eb5e3ea26f5e04e63671f0b6c89589860f5d13396fa3e2af626fd15ee385fe81: eb5e3ea26f5e04e63671f0b6c89589860f5d13396fa3e2af626fd15ee385fe81
  u/admin/heavenly_script+e05d61e51e6437b210e8745914fcc99849443d1178f4ff0bf6fc521163eac9c5: e05d61e51e6437b210e8745914fcc99849443d1178f4ff0bf6fc521163eac9c5
  u/admin/helloer_script+cb23e604964c0a3cafb3c13fd9db1e0e018657be6e999532223c6e6ac8b4feae: cb23e604964c0a3cafb3c13fd9db1e0e018657be6e999532223c6e6ac8b4feae
  u/admin/reformed_script+cead6ee819f6126289e751156cdb21978a74051d2d316c2050e3107434cf6ac5: cead6ee819f6126289e751156cdb21978a74051d2d316c2050e3107434cf6ac5
  u/admin/resilient_script+ae90ff6d5073c550c327436569546a984a29fd0c5bde93c5572f0423076cf5df: ae90ff6d5073c550c327436569546a984a29fd0c5bde93c5572f0423076cf5df
  u/admin/sync_scrypt_test+b49875bad2c9eeca605c7c189ec286b0fd00db8594ca18a620bb241af65028ee: b49875bad2c9eeca605c7c189ec286b0fd00db8594ca18a620bb241af65028ee
  u/admin/variable_opener_script+611898d491849d2c1efea3ec68df49ce7cf67ee945a68e22a21240cd3e6787e1: 611898d491849d2c1efea3ec68df49ce7cf67ee945a68e22a21240cd3e6787e1
  u/user/unquestionable_script+79118f79c762bd48fbbd52641d2e3f2b60867b51a5aad16998855802de568fcf: 79118f79c762bd48fbbd52641d2e3f2b60867b51a5aad16998855802de568fcf
  u/user/variable_opener+0f8fbeeeb4ed96da93831d32fcbb3b110a462f91c0b414621819fa232a5c51ad: 0f8fbeeeb4ed96da93831d32fcbb3b110a462f91c0b414621819fa232a5c51ad
