version: v2
locks:
  f/folderino/meaningful_script+dc726f8f9d4a5b724e68f520b2f54cbed08ecbddbe5491a560448d3d467e493f: dc726f8f9d4a5b724e68f520b2f54cbed08ecbddbe5491a560448d3d467e493f
  f/shared/booming_script+266f610235a23045e31734a163817d92766d91ce7dc35f34b6306f51237ff60c: 266f610235a23045e31734a163817d92766d91ce7dc35f34b6306f51237ff60c
  f/shared/byer_script: 893c706d1728419a0d19b0adfddce74990dbbc8204f9e7173262b3a5b1912b3f
  f/shared/humorous_script+de637734a3d88f51d0755837896173def44d0d0c7f3c516802e48ea9c409109a: de637734a3d88f51d0755837896173def44d0d0c7f3c516802e48ea9c409109a
  f/shared/nicer_flow.flow+__flow_hash: ddb8c39675fbba23be892aa79a3add42bedf21eb976e153d24e84fec88f0733c
  f/shared/nicer_flow.flow+inline_script_0.inline_script.ts: 5f46c880114c4dca40d639cfac871f000dc1e307093558a98ef72c5ed9a6d86b
  f/shared/nicer_flow.flow+inline_script_1.inline_script.ts: d8fe4baf002732b0d9f8e0a8ff66dff348697aa63bf851ffa68b8d8e21f63746
  f/shared/nicer_flow.flow+inline_script_2.inline_script.ts: 5f46c880114c4dca40d639cfac871f000dc1e307093558a98ef72c5ed9a6d86b
  f/tutorial/runs-tutorial-broken-1769093158405.flow+__flow_hash: afd7438496d05dee6275eb03200b17f3aec24b11e3087967d13a38edda554f9e
  f/tutorial/runs-tutorial-broken-1769093158405.flow+throw_error.inline_script.ts: 0dc90cead0440128674a969ad5092e8e68406719d81f849dd24877ee61b52cc3
  f/tutorial/runs-tutorial-flow-1769093158375.flow+__flow_hash: 0cafb404c4c11eb3431162228bb3cf859e9fa0da3dd8d489f4ba6423a2d0f895
  f/tutorial/runs-tutorial-flow-1769093158375.flow+say_hello.inline_script.ts: 04cd1ee917cdf1206cf08bc9cd16c9a6b32fdea0a1cd8ae0102f208cfd5b0596
  u/admin/amiable_script: 896ee2fb6ccf3d26f3f2d2d6be7063803c4962c1a2958ce67cab3540e2ae84f3
  u/admin/amiable_script+896ee2fb6ccf3d26f3f2d2d6be7063803c4962c1a2958ce67cab3540e2ae84f3: 896ee2fb6ccf3d26f3f2d2d6be7063803c4962c1a2958ce67cab3540e2ae84f3
  u/admin/attractive_script: 7b82a1824e86bb9afc6092b19104da0ec958004e16b147bcb2beae39b1a7df26
  u/admin/attractive_script+7b82a1824e86bb9afc6092b19104da0ec958004e16b147bcb2beae39b1a7df26: 7b82a1824e86bb9afc6092b19104da0ec958004e16b147bcb2beae39b1a7df26
  u/admin/avid_script+be262b69101cbff8748eb4e6fcc42d6d87f514a83faefa3fe6a6f556a070af17: be262b69101cbff8748eb4e6fcc42d6d87f514a83faefa3fe6a6f556a070af17
  u/admin/classic_script: c8f4f68b5aa62d9b97c733d63f2b3d06c53fd6146e11f56a1db64f442c7a7745
  u/admin/classic_script+c8f4f68b5aa62d9b97c733d63f2b3d06c53fd6146e11f56a1db64f442c7a7745: c8f4f68b5aa62d9b97c733d63f2b3d06c53fd6146e11f56a1db64f442c7a7745
  u/admin/cleared_script: d3125a980661131b99d798fd60eecf632d7d006464723c7ea1155b521c40cecb
  u/admin/clone_and_upload: 607a3e314a922543cc6d2494bb23976edb8d1694eb4c9a2948235db89af28930
  u/admin/clone_and_upload+06f07b08a7ccc13599fb53cac2a7dd350b7e22dc6f626bfef01d077110f7333c: 06f07b08a7ccc13599fb53cac2a7dd350b7e22dc6f626bfef01d077110f7333c
  u/admin/clone_and_upload+07afa2efc8b4514c22321fa930a7a743b296730f23510fb949f9d7a8207e32c1: 07afa2efc8b4514c22321fa930a7a743b296730f23510fb949f9d7a8207e32c1
  u/admin/clone_and_upload+1f1f6b7fd2c7adb0187d6fa7b54c75834dd44f82125a91da4f382b8aed3745de: 1f1f6b7fd2c7adb0187d6fa7b54c75834dd44f82125a91da4f382b8aed3745de
  u/admin/clone_and_upload+257a84574afb3c87a13a52b73e6017b1a9b039b36c6bcc50b8387c9af05272ba: 257a84574afb3c87a13a52b73e6017b1a9b039b36c6bcc50b8387c9af05272ba
  u/admin/clone_and_upload+38f86c196a9966c2d8014591f15cdfaef7a2b6ba5daa49118f82eee7d062701f: 38f86c196a9966c2d8014591f15cdfaef7a2b6ba5daa49118f82eee7d062701f
  u/admin/clone_and_upload+4a04e06f7913aa19ed358269bead52ec2fbe630f14a08ec208ac95d8a951ff35: 4a04e06f7913aa19ed358269bead52ec2fbe630f14a08ec208ac95d8a951ff35
  u/admin/clone_and_upload+573c80095303e4b56c505d8e6e66b6ce634f894e43d10c196f72dbe80a860b65: 573c80095303e4b56c505d8e6e66b6ce634f894e43d10c196f72dbe80a860b65
  u/admin/clone_and_upload+607a3e314a922543cc6d2494bb23976edb8d1694eb4c9a2948235db89af28930: 607a3e314a922543cc6d2494bb23976edb8d1694eb4c9a2948235db89af28930
  u/admin/clone_and_upload+705b974b1f35c05556334a224809f347c2e8398584d14abf53e51b6d343c3ff1: 705b974b1f35c05556334a224809f347c2e8398584d14abf53e51b6d343c3ff1
  u/admin/clone_and_upload+717dd650a400dc947adaac800e8ba995e1cdad6abe5df3a3af7ac30557324565: 717dd650a400dc947adaac800e8ba995e1cdad6abe5df3a3af7ac30557324565
  u/admin/clone_and_upload+7187bab6306d38ce7b2abd7d90ea6d2e131dafb0bfb465825b4bafc300acb725: 7187bab6306d38ce7b2abd7d90ea6d2e131dafb0bfb465825b4bafc300acb725
  u/admin/clone_and_upload+7a0645db69993ce35d95dd61d8f331ac18b844b1aebc929a93359d2755ee6c80: 7a0645db69993ce35d95dd61d8f331ac18b844b1aebc929a93359d2755ee6c80
  u/admin/clone_and_upload+9482bbfa1b2a73adf819fae70c9bc37ae10f92d7ca4cf88e1e80ac2f1aa78032: 9482bbfa1b2a73adf819fae70c9bc37ae10f92d7ca4cf88e1e80ac2f1aa78032
  u/admin/clone_and_upload+9ede08f759742a49555c730e2c5e904c9f3663780813a61fca3f8879153f7baa: 9ede08f759742a49555c730e2c5e904c9f3663780813a61fca3f8879153f7baa
  u/admin/clone_and_upload+adf9e2aceacfb19f9953efc2fa88230c976596ceb349fc0df7de75f783e7199b: adf9e2aceacfb19f9953efc2fa88230c976596ceb349fc0df7de75f783e7199b
  u/admin/clone_and_upload+b5448d62ec9fe29afbb14c5c6be29d618e548582306fe003288b97baddcec7b4: b5448d62ec9fe29afbb14c5c6be29d618e548582306fe003288b97baddcec7b4
  u/admin/clone_and_upload+ee4e6de0ef2f34f0b43254656371fff9eadb1d1bc163610c0e7b3f854644c0b3: ee4e6de0ef2f34f0b43254656371fff9eadb1d1bc163610c0e7b3f854644c0b3
  u/admin/clone_and_upload+f8507bf338d4c07a584d96b16dceba4b01a944494ba82871fba417a51feefb3a: f8507bf338d4c07a584d96b16dceba4b01a944494ba82871fba417a51feefb3a
  u/admin/complementary_script: 961bfefa4adc5344b8d5684686a4b3987ad8f73106da20b57e7afa712b9a05f8
  u/admin/constructive_script+f6d941c23856a567ea814e3967c91cff977fc4878514ded8f6f7d45a9f357295: f6d941c23856a567ea814e3967c91cff977fc4878514ded8f6f7d45a9f357295
  u/admin/courtly_script: a20da758a1c4b8647feedbe967e4347b8151576959c8c1bb69d19227572a5c7d
  u/admin/cure_all_script: a2d8a09df5e6b6e005211aaf737b74bfb557fb2bfa12f30c8ea57116d5e504ef
  u/admin/cure_all_script+a2d8a09df5e6b6e005211aaf737b74bfb557fb2bfa12f30c8ea57116d5e504ef: a2d8a09df5e6b6e005211aaf737b74bfb557fb2bfa12f30c8ea57116d5e504ef
  u/admin/dazzling_script+0672f3cfec596a15274a4fd14feec5d92e0b8d8bb076e81b8147ec73253dc30e: 0672f3cfec596a15274a4fd14feec5d92e0b8d8bb076e81b8147ec73253dc30e
  u/admin/dead_cheap_script+42a5f880336a9d37b576a3eb420e19095dc757265bf4c7aa61037400b59ae1e7: 42a5f880336a9d37b576a3eb420e19095dc757265bf4c7aa61037400b59ae1e7
  u/admin/economical_script: 57258aa6e7599ca3ab0ee63f2e93605572084a4a5f4fb2bd6add6033cb6a042f
  u/admin/economical_script+57258aa6e7599ca3ab0ee63f2e93605572084a4a5f4fb2bd6add6033cb6a042f: 57258aa6e7599ca3ab0ee63f2e93605572084a4a5f4fb2bd6add6033cb6a042f
  u/admin/effective_script: ac0ae570ceeb1b81996396496d3dd524a61ec1a6100b0ca12e9e696963219a37
  u/admin/effective_script+ac0ae570ceeb1b81996396496d3dd524a61ec1a6100b0ca12e9e696963219a37: ac0ae570ceeb1b81996396496d3dd524a61ec1a6100b0ca12e9e696963219a37
  u/admin/enchanted_script: f4665b227d1d544b79c2c6166be7c93f03d83194a9e1412d6241a8d0552fc233
  u/admin/enchanted_script+f4665b227d1d544b79c2c6166be7c93f03d83194a9e1412d6241a8d0552fc233: f4665b227d1d544b79c2c6166be7c93f03d83194a9e1412d6241a8d0552fc233
  u/admin/engrossing_script: e6d8e91aa7007f2b2d530f08848b3615f0e67a62e3dcf801e9e346fb9c84580e
  u/admin/engrossing_script+e6d8e91aa7007f2b2d530f08848b3615f0e67a62e3dcf801e9e346fb9c84580e: e6d8e91aa7007f2b2d530f08848b3615f0e67a62e3dcf801e9e346fb9c84580e
  u/admin/envious_script: df850e17d1b3cfbfd8d375ffa8107450936241d560572aa2947e05e2e60f1b3a
  u/admin/envious_script+df850e17d1b3cfbfd8d375ffa8107450936241d560572aa2947e05e2e60f1b3a: df850e17d1b3cfbfd8d375ffa8107450936241d560572aa2947e05e2e60f1b3a
  u/admin/fertile_script: d2f9cc992fe6417f5a4da8a0271619052255e251e86b99356e23c577f9fba71e
  u/admin/fertile_script+d2f9cc992fe6417f5a4da8a0271619052255e251e86b99356e23c577f9fba71e: d2f9cc992fe6417f5a4da8a0271619052255e251e86b99356e23c577f9fba71e
  u/admin/first_in_class_script: eb5e3ea26f5e04e63671f0b6c89589860f5d13396fa3e2af626fd15ee385fe81
  u/admin/first_in_class_script+eb5e3ea26f5e04e63671f0b6c89589860f5d13396fa3e2af626fd15ee385fe81: eb5e3ea26f5e04e63671f0b6c89589860f5d13396fa3e2af626fd15ee385fe81
  u/admin/glorious_script: 3bb1ec23724097f3436927d9f9513e34140be0361bad3338b7898bbfa2a7f302
  u/admin/glorious_script+3bb1ec23724097f3436927d9f9513e34140be0361bad3338b7898bbfa2a7f302: 3bb1ec23724097f3436927d9f9513e34140be0361bad3338b7898bbfa2a7f302
  u/admin/heavenly_script: e05d61e51e6437b210e8745914fcc99849443d1178f4ff0bf6fc521163eac9c5
  u/admin/heavenly_script+e05d61e51e6437b210e8745914fcc99849443d1178f4ff0bf6fc521163eac9c5: e05d61e51e6437b210e8745914fcc99849443d1178f4ff0bf6fc521163eac9c5
  u/admin/helloer_script: cb23e604964c0a3cafb3c13fd9db1e0e018657be6e999532223c6e6ac8b4feae
  u/admin/helloer_script+cb23e604964c0a3cafb3c13fd9db1e0e018657be6e999532223c6e6ac8b4feae: cb23e604964c0a3cafb3c13fd9db1e0e018657be6e999532223c6e6ac8b4feae
  u/admin/high_quality_script: 520f4ca789599bec39a6930af5caabf1b5687bec2292447a14be72c12207427a
  u/admin/high_quality_script+34de941b97fcee48e25baa80d4f77c523fa469fdc6b643273345ba51455cab5e: 34de941b97fcee48e25baa80d4f77c523fa469fdc6b643273345ba51455cab5e
  u/admin/high_quality_script+520f4ca789599bec39a6930af5caabf1b5687bec2292447a14be72c12207427a: 520f4ca789599bec39a6930af5caabf1b5687bec2292447a14be72c12207427a
  u/admin/hopeful_script: d8e49957459a44177d9eb4c376bc8277d2d262abbeea530fea663daf9a4c3dd5
  u/admin/hopeful_script+d8e49957459a44177d9eb4c376bc8277d2d262abbeea530fea663daf9a4c3dd5: d8e49957459a44177d9eb4c376bc8277d2d262abbeea530fea663daf9a4c3dd5
  u/admin/init_new_script: 9df070621580f1c2d25c33282b5cfdb052578933ad7e704011316258f63399e0
  u/admin/init_new_script+2ce0adfe8e0e986ed60d1a13d0e3f7c45c7a03b992d5ea779aca4c340d21cac2: 2ce0adfe8e0e986ed60d1a13d0e3f7c45c7a03b992d5ea779aca4c340d21cac2
  u/admin/init_new_script+9df070621580f1c2d25c33282b5cfdb052578933ad7e704011316258f63399e0: 9df070621580f1c2d25c33282b5cfdb052578933ad7e704011316258f63399e0
  u/admin/init_new_script+f6946d6ecfdb5b97b24d5a535d8d592b189a56f9246c330d23df8d9f8349617b: f6946d6ecfdb5b97b24d5a535d8d592b189a56f9246c330d23df8d9f8349617b
  u/admin/init2_git_test: 92c32465071d4d76d3aa80a9e9b08d7b33075348a30f13c8fd854290363dd473
  u/admin/init2_git_test+92c32465071d4d76d3aa80a9e9b08d7b33075348a30f13c8fd854290363dd473: 92c32465071d4d76d3aa80a9e9b08d7b33075348a30f13c8fd854290363dd473
  u/admin/init2_git_test+dba91755636e3e462a4342aa65685c3405778aba87f7fabe9c41c8f7dc8cb297: dba91755636e3e462a4342aa65685c3405778aba87f7fabe9c41c8f7dc8cb297
  u/admin/initgitsync: de007bb322dbd76e85e55d1d0101ca94bb697243d103ddd8dc6c4f11a35f9220
  u/admin/initgitsync+de007bb322dbd76e85e55d1d0101ca94bb697243d103ddd8dc6c4f11a35f9220: de007bb322dbd76e85e55d1d0101ca94bb697243d103ddd8dc6c4f11a35f9220
  u/admin/inspirational_script: 8c8ceaacf1700e5de1b557bb73156b4cad07fa871e8744788b4c3f0a072a9e9a
  u/admin/inspirational_script+8c8ceaacf1700e5de1b557bb73156b4cad07fa871e8744788b4c3f0a072a9e9a: 8c8ceaacf1700e5de1b557bb73156b4cad07fa871e8744788b4c3f0a072a9e9a
  u/admin/like_script: b96cedc1e00907367d1750cfb9004b6beb94a89e69820ddf891332aca032ea65
  u/admin/luckiest_script: dc03c338b8ddbd5b63513627f75f11e94863256cb0b28ea1a0c8012e06646135
  u/admin/luckiest_script+dc03c338b8ddbd5b63513627f75f11e94863256cb0b28ea1a0c8012e06646135: dc03c338b8ddbd5b63513627f75f11e94863256cb0b28ea1a0c8012e06646135
  u/admin/noble_script: 237f656c719bcdc1af5bda69838783f3ddd7c7f4f83678d8c8df33d1266364bb
  u/admin/noble_script+237f656c719bcdc1af5bda69838783f3ddd7c7f4f83678d8c8df33d1266364bb: 237f656c719bcdc1af5bda69838783f3ddd7c7f4f83678d8c8df33d1266364bb
  u/admin/overjoyed_script: d14964d01f30831af7a01b56bdbf4b26bc25fcb4452f33637a059291261ca994
  u/admin/overjoyed_script+d14964d01f30831af7a01b56bdbf4b26bc25fcb4452f33637a059291261ca994: d14964d01f30831af7a01b56bdbf4b26bc25fcb4452f33637a059291261ca994
  u/admin/plush_script: f9366db4ffe6f2b363818cd707bac88e3d48ed512a4af415cd39321d71c14944
  u/admin/plush_script+f9366db4ffe6f2b363818cd707bac88e3d48ed512a4af415cd39321d71c14944: f9366db4ffe6f2b363818cd707bac88e3d48ed512a4af415cd39321d71c14944
  u/admin/premier_script: 1060812784a13363d49dfc27c78b3ff95eca706e426ece94f8db7c4d5b78dcd3
  u/admin/premier_script+1060812784a13363d49dfc27c78b3ff95eca706e426ece94f8db7c4d5b78dcd3: 1060812784a13363d49dfc27c78b3ff95eca706e426ece94f8db7c4d5b78dcd3
  u/admin/quicker_script: 25c35f33b516b64978900a926517f111fc41aea25b409e2f92fe3828086870fb
  u/admin/quiet_script: ec5c07b1900fe8f777ab5d11453c45b57d2c26a9298f637db3b40d8219ad8e19
  u/admin/rapt_script: b8dee7188535303fff2a63d53d1659bf6406b2a55674a086e8eb780613197466
  u/admin/rapt_script+b8dee7188535303fff2a63d53d1659bf6406b2a55674a086e8eb780613197466: b8dee7188535303fff2a63d53d1659bf6406b2a55674a086e8eb780613197466
  u/admin/ready_script: e389d278f86f6261d74637dde063774e96db2147c395c9348c9204bfdfa89f92
  u/admin/record_setting_script+1364027864d5ae0c76733119a6ff9146cdd6c6a6eb7019838d0dbebae286698e: 1364027864d5ae0c76733119a6ff9146cdd6c6a6eb7019838d0dbebae286698e
  u/admin/reformed_script: cead6ee819f6126289e751156cdb21978a74051d2d316c2050e3107434cf6ac5
  u/admin/reformed_script+cead6ee819f6126289e751156cdb21978a74051d2d316c2050e3107434cf6ac5: cead6ee819f6126289e751156cdb21978a74051d2d316c2050e3107434cf6ac5
  u/admin/resilient_script: ae90ff6d5073c550c327436569546a984a29fd0c5bde93c5572f0423076cf5df
  u/admin/resilient_script+ae90ff6d5073c550c327436569546a984a29fd0c5bde93c5572f0423076cf5df: ae90ff6d5073c550c327436569546a984a29fd0c5bde93c5572f0423076cf5df
  u/admin/restored_script+46bd8c4aef0e9f45cc2cbcbc2dacc774261087b6d6b2ee5f072e6726c817af31: 46bd8c4aef0e9f45cc2cbcbc2dacc774261087b6d6b2ee5f072e6726c817af31
  u/admin/restored_script+5b007f60ae4ae513ae8351e619d0d72a106baf3b7cff7f157b45cc803ae99a51: 5b007f60ae4ae513ae8351e619d0d72a106baf3b7cff7f157b45cc803ae99a51
  u/admin/restored_script+610a4aedfd04fac5fa1efbac4050a6617af3d0ac085f2044ecbe4665d37b1bbf: 610a4aedfd04fac5fa1efbac4050a6617af3d0ac085f2044ecbe4665d37b1bbf
  u/admin/restored_script+f0e5b6c2a26131fe28567cefbd91bb70381421a85750f08e8b6fb7340795f8a8: f0e5b6c2a26131fe28567cefbd91bb70381421a85750f08e8b6fb7340795f8a8
  u/admin/rock_star_script: 81a8b8e1ccd826b03b750f765c55cc99e129eb60b4e9c30d7b2d183c9ec5ed48
  u/admin/roomy_script+e156f8e35d435c7cbb49314e058732702fe7c8278847a074800e38f871971fb3: e156f8e35d435c7cbb49314e058732702fe7c8278847a074800e38f871971fb3
  u/admin/smartest_script: 9c893457c8f92b0819564e15e65d02ee995db833a74ee100072d5ea9ae1223cc
  u/admin/smartest_script+9c893457c8f92b0819564e15e65d02ee995db833a74ee100072d5ea9ae1223cc: 9c893457c8f92b0819564e15e65d02ee995db833a74ee100072d5ea9ae1223cc
  u/admin/sociable_script: edfedea21e14171cf3508af3a997fe2a9056ad3c463522863b9d27939fe6507f
  u/admin/sophisticated_script: 7d4a4d6c8a25322f3bd62a946266232fc4ac5fcc020621a36cd8ba4e013e7ccb
  u/admin/sophisticated_script+7d4a4d6c8a25322f3bd62a946266232fc4ac5fcc020621a36cd8ba4e013e7ccb: 7d4a4d6c8a25322f3bd62a946266232fc4ac5fcc020621a36cd8ba4e013e7ccb
  u/admin/sporty_script: 98f1bed45c01e55a5f26fd72f092fecd5c303e26a47c699cc2b6d4a289410810
  u/admin/sporty_script+98f1bed45c01e55a5f26fd72f092fecd5c303e26a47c699cc2b6d4a289410810: 98f1bed45c01e55a5f26fd72f092fecd5c303e26a47c699cc2b6d4a289410810
  u/admin/substantive_script: c539980ade8dfbec5ec54386719ad59a40e88daaff5d1707db5edc732a7070ec
  u/admin/substantive_script+c539980ade8dfbec5ec54386719ad59a40e88daaff5d1707db5edc732a7070ec: c539980ade8dfbec5ec54386719ad59a40e88daaff5d1707db5edc732a7070ec
  u/admin/sup_sync_script: 7bc6eb600000e0e0336713c0339bf9296b489c87a062747ca93eef49ce725dc7
  u/admin/sup_sync_script+7bc6eb600000e0e0336713c0339bf9296b489c87a062747ca93eef49ce725dc7: 7bc6eb600000e0e0336713c0339bf9296b489c87a062747ca93eef49ce725dc7
  u/admin/swift_script: 77ac8fe31303685e51466518688b90f9df4d85f9bc0b9ef2eed23bb58fdd56e1
  u/admin/swift_script+77ac8fe31303685e51466518688b90f9df4d85f9bc0b9ef2eed23bb58fdd56e1: 77ac8fe31303685e51466518688b90f9df4d85f9bc0b9ef2eed23bb58fdd56e1
  u/admin/sync_script_test: 44bd9b4509dcfbbea3323e4d25a28c7a2a3cc70b94139e097604615721f258d2
  u/admin/sync_script_test+44bd9b4509dcfbbea3323e4d25a28c7a2a3cc70b94139e097604615721f258d2: 44bd9b4509dcfbbea3323e4d25a28c7a2a3cc70b94139e097604615721f258d2
  u/admin/sync_scrypt_test: b49875bad2c9eeca605c7c189ec286b0fd00db8594ca18a620bb241af65028ee
  u/admin/sync_scrypt_test+b49875bad2c9eeca605c7c189ec286b0fd00db8594ca18a620bb241af65028ee: b49875bad2c9eeca605c7c189ec286b0fd00db8594ca18a620bb241af65028ee
  u/admin/syncee_script: 0f367126c21ebb4324790b73ac505adc7688273551c17b3cda5c53d7a408ed39
  u/admin/trouble_free_script+8b734ccaa4ea8b86000763f5e5f9c193917d1fcc9b3d1f5047d8cd9e23dcdae0: 8b734ccaa4ea8b86000763f5e5f9c193917d1fcc9b3d1f5047d8cd9e23dcdae0
  u/admin/trusting_script: d85f073fee2dd64d4f92efc3e72869b5265e99ceada5b6cd4a34bfbd0b751cc8
  u/admin/trustworthy_script: 0d54eeb68e73af2bea7c7023ac962d47a72fa5d755b8c6ed72365faf043fc1d6
  u/admin/trustworthy_script+0d54eeb68e73af2bea7c7023ac962d47a72fa5d755b8c6ed72365faf043fc1d6: 0d54eeb68e73af2bea7c7023ac962d47a72fa5d755b8c6ed72365faf043fc1d6
  u/admin/undamaged_script: 6698afd304cc39756f9e1f1ac7c225f673fd4ef54e8bbefbe5b8efd8398399e6
  u/admin/undamaged_script+6698afd304cc39756f9e1f1ac7c225f673fd4ef54e8bbefbe5b8efd8398399e6: 6698afd304cc39756f9e1f1ac7c225f673fd4ef54e8bbefbe5b8efd8398399e6
  u/admin/understandable_flow.flow+__flow_hash: 7a452ff20d50e1b5a33212989b893286d375b2e1541a3321d84b50e0784e8e46
  u/admin/understandable_flow.flow+inline_script_0.inline_script.ts: 47415f1ee082213f35422d6848b8c875b617c6e09d738b79607af316088336d3
  u/admin/variable_opener_script: 611898d491849d2c1efea3ec68df49ce7cf67ee945a68e22a21240cd3e6787e1
  u/admin/variable_opener_script+611898d491849d2c1efea3ec68df49ce7cf67ee945a68e22a21240cd3e6787e1: 611898d491849d2c1efea3ec68df49ce7cf67ee945a68e22a21240cd3e6787e1
  u/user/enthralled_script+8fd42f1e574ca765c88bfb3af6b24a7e0b4d1c763153015b96bed6b887bd9cd8: 8fd42f1e574ca765c88bfb3af6b24a7e0b4d1c763153015b96bed6b887bd9cd8
  u/user/exuberant_script: 5236e7b6788fe6241ae9ed863670c353716203f4482eccf4187816684114ddd0
  u/user/navigable_script: e23f1b1f00e191ff168d4835c9810d2c902f3e1f605982dee5b0924001cb93de
  u/user/renowned_script: 725912b7e0f054a8d9a1b9fa470977a06e4ec1c6f104ab477636ea84df5e2641
  u/user/tidy_script: 9395adeaa58b3e771b023d0ab2150061cb58aa1ba076d353b027358dbba41011
  u/user/unquestionable_script+79118f79c762bd48fbbd52641d2e3f2b60867b51a5aad16998855802de568fcf: 79118f79c762bd48fbbd52641d2e3f2b60867b51a5aad16998855802de568fcf
  u/user/variable_opener: 0f8fbeeeb4ed96da93831d32fcbb3b110a462f91c0b414621819fa232a5c51ad
  u/user/variable_opener+0f8fbeeeb4ed96da93831d32fcbb3b110a462f91c0b414621819fa232a5c51ad: 0f8fbeeeb4ed96da93831d32fcbb3b110a462f91c0b414621819fa232a5c51ad
