version: v2
locks:
  f/shared/byer_script: 893c706d1728419a0d19b0adfddce74990dbbc8204f9e7173262b3a5b1912b3f
  f/shared/nicer_flow.flow+5b359b568eada96e9c7bc6794bbae05f8db3264adabdbca4aab0a85638d77537: 5b359b568eada96e9c7bc6794bbae05f8db3264adabdbca4aab0a85638d77537
  f/shared/nicer_flow.flow+5f46c880114c4dca40d639cfac871f000dc1e307093558a98ef72c5ed9a6d86b: 5f46c880114c4dca40d639cfac871f000dc1e307093558a98ef72c5ed9a6d86b
  f/shared/nicer_flow.flow+d8fe4baf002732b0d9f8e0a8ff66dff348697aa63bf851ffa68b8d8e21f63746: d8fe4baf002732b0d9f8e0a8ff66dff348697aa63bf851ffa68b8d8e21f63746
  f/shared/nicer_flow.flow+e8929d79c39eb87af226567e33c05db6b6d83862ca8a983d671b0b5553b1255e: e8929d79c39eb87af226567e33c05db6b6d83862ca8a983d671b0b5553b1255e
  u/admin/amiable_script+896ee2fb6ccf3d26f3f2d2d6be7063803c4962c1a2958ce67cab3540e2ae84f3: 896ee2fb6ccf3d26f3f2d2d6be7063803c4962c1a2958ce67cab3540e2ae84f3
  u/admin/attractive_script+7b82a1824e86bb9afc6092b19104da0ec958004e16b147bcb2beae39b1a7df26: 7b82a1824e86bb9afc6092b19104da0ec958004e16b147bcb2beae39b1a7df26
  u/admin/classic_script+c8f4f68b5aa62d9b97c733d63f2b3d06c53fd6146e11f56a1db64f442c7a7745: c8f4f68b5aa62d9b97c733d63f2b3d06c53fd6146e11f56a1db64f442c7a7745
  u/admin/engrossing_script+e6d8e91aa7007f2b2d530f08848b3615f0e67a62e3dcf801e9e346fb9c84580e: e6d8e91aa7007f2b2d530f08848b3615f0e67a62e3dcf801e9e346fb9c84580e
  u/admin/envious_script+df850e17d1b3cfbfd8d375ffa8107450936241d560572aa2947e05e2e60f1b3a: df850e17d1b3cfbfd8d375ffa8107450936241d560572aa2947e05e2e60f1b3a
  u/admin/fertile_script+d2f9cc992fe6417f5a4da8a0271619052255e251e86b99356e23c577f9fba71e: d2f9cc992fe6417f5a4da8a0271619052255e251e86b99356e23c577f9fba71e
  u/admin/first_in_class_script+eb5e3ea26f5e04e63671f0b6c89589860f5d13396fa3e2af626fd15ee385fe81: eb5e3ea26f5e04e63671f0b6c89589860f5d13396fa3e2af626fd15ee385fe81
  u/admin/glorious_script+3bb1ec23724097f3436927d9f9513e34140be0361bad3338b7898bbfa2a7f302: 3bb1ec23724097f3436927d9f9513e34140be0361bad3338b7898bbfa2a7f302
  u/admin/heavenly_script+e05d61e51e6437b210e8745914fcc99849443d1178f4ff0bf6fc521163eac9c5: e05d61e51e6437b210e8745914fcc99849443d1178f4ff0bf6fc521163eac9c5
  u/admin/helloer_script+cb23e604964c0a3cafb3c13fd9db1e0e018657be6e999532223c6e6ac8b4feae: cb23e604964c0a3cafb3c13fd9db1e0e018657be6e999532223c6e6ac8b4feae
  u/admin/initgitsync+de007bb322dbd76e85e55d1d0101ca94bb697243d103ddd8dc6c4f11a35f9220: de007bb322dbd76e85e55d1d0101ca94bb697243d103ddd8dc6c4f11a35f9220
  u/admin/recommended_script+f6e4ee97f4c0f76b2678f5bf1ab70e3cf6ce6feee42539a93c5907c6b2350d1a: f6e4ee97f4c0f76b2678f5bf1ab70e3cf6ce6feee42539a93c5907c6b2350d1a
  u/admin/reformed_script+cead6ee819f6126289e751156cdb21978a74051d2d316c2050e3107434cf6ac5: cead6ee819f6126289e751156cdb21978a74051d2d316c2050e3107434cf6ac5
  u/admin/resilient_script+ae90ff6d5073c550c327436569546a984a29fd0c5bde93c5572f0423076cf5df: ae90ff6d5073c550c327436569546a984a29fd0c5bde93c5572f0423076cf5df
  u/admin/smartest_script+9c893457c8f92b0819564e15e65d02ee995db833a74ee100072d5ea9ae1223cc: 9c893457c8f92b0819564e15e65d02ee995db833a74ee100072d5ea9ae1223cc
  u/admin/sophisticated_script+7d4a4d6c8a25322f3bd62a946266232fc4ac5fcc020621a36cd8ba4e013e7ccb: 7d4a4d6c8a25322f3bd62a946266232fc4ac5fcc020621a36cd8ba4e013e7ccb
  u/admin/sporty_script+98f1bed45c01e55a5f26fd72f092fecd5c303e26a47c699cc2b6d4a289410810: 98f1bed45c01e55a5f26fd72f092fecd5c303e26a47c699cc2b6d4a289410810
  u/admin/sup_sync_script+7bc6eb600000e0e0336713c0339bf9296b489c87a062747ca93eef49ce725dc7: 7bc6eb600000e0e0336713c0339bf9296b489c87a062747ca93eef49ce725dc7
  u/admin/swift_script+77ac8fe31303685e51466518688b90f9df4d85f9bc0b9ef2eed23bb58fdd56e1: 77ac8fe31303685e51466518688b90f9df4d85f9bc0b9ef2eed23bb58fdd56e1
  u/admin/sync_script_test+44bd9b4509dcfbbea3323e4d25a28c7a2a3cc70b94139e097604615721f258d2: 44bd9b4509dcfbbea3323e4d25a28c7a2a3cc70b94139e097604615721f258d2
  u/admin/sync_scrypt_test+b49875bad2c9eeca605c7c189ec286b0fd00db8594ca18a620bb241af65028ee: b49875bad2c9eeca605c7c189ec286b0fd00db8594ca18a620bb241af65028ee
  u/admin/trustworthy_script+0d54eeb68e73af2bea7c7023ac962d47a72fa5d755b8c6ed72365faf043fc1d6: 0d54eeb68e73af2bea7c7023ac962d47a72fa5d755b8c6ed72365faf043fc1d6
  u/admin/undamaged_script+6698afd304cc39756f9e1f1ac7c225f673fd4ef54e8bbefbe5b8efd8398399e6: 6698afd304cc39756f9e1f1ac7c225f673fd4ef54e8bbefbe5b8efd8398399e6
  u/admin/variable_opener_script+611898d491849d2c1efea3ec68df49ce7cf67ee945a68e22a21240cd3e6787e1: 611898d491849d2c1efea3ec68df49ce7cf67ee945a68e22a21240cd3e6787e1
  u/user/enthralled_script+8fd42f1e574ca765c88bfb3af6b24a7e0b4d1c763153015b96bed6b887bd9cd8: 8fd42f1e574ca765c88bfb3af6b24a7e0b4d1c763153015b96bed6b887bd9cd8
  u/user/unquestionable_script+79118f79c762bd48fbbd52641d2e3f2b60867b51a5aad16998855802de568fcf: 79118f79c762bd48fbbd52641d2e3f2b60867b51a5aad16998855802de568fcf
  u/user/variable_opener+0f8fbeeeb4ed96da93831d32fcbb3b110a462f91c0b414621819fa232a5c51ad: 0f8fbeeeb4ed96da93831d32fcbb3b110a462f91c0b414621819fa232a5c51ad
